
Microsoft Visual Studio Solution File, Format Version 12.00
# Visual Studio Version 16
VisualStudioVersion = 16.0.29519.87
MinimumVisualStudioVersion = 10.0.40219.1
Project("{8BC9CEB8-8B4A-11D0-8D11-00A0C91BC942}") = "CubicCrossLinkedOctree_VC", "CubicCrossLinkedOctree_VC\CubicCrossLinkedOctree_VC.vcxproj", "{25A09332-C7FD-440C-8497-70E2B4A3F5D6}"
EndProject
Project("{8BC9CEB8-8B4A-11D0-8D11-00A0C91BC942}") = "PlyFile", "PlyFile\PlyFile.vcxitems", "{90508B54-FF16-45BD-BC6F-BFF0CFD7203C}"
EndProject
Project("{8BC9CEB8-8B4A-11D0-8D11-00A0C91BC942}") = "PointCloudBasePresentation", "PointCloudBasePresentation\PointCloudBasePresentation.vcxitems", "{ADD42B0F-0B43-4F01-829B-CA0CA95246FB}"
EndProject
Project("{8BC9CEB8-8B4A-11D0-8D11-00A0C91BC942}") = "CubicCrossLinkedOctree", "CubicCrossLinkedOctree\CubicCrossLinkedOctree.vcxitems", "{3F00340C-1920-48DC-89D7-6A2D96D0C2DF}"
EndProject
Global
	GlobalSection(SharedMSBuildProjectFiles) = preSolution
		CubicCrossLinkedOctree\CubicCrossLinkedOctree.vcxitems*{25a09332-c7fd-440c-8497-70e2b4a3f5d6}*SharedItemsImports = 4
		PlyFile\PlyFile.vcxitems*{25a09332-c7fd-440c-8497-70e2b4a3f5d6}*SharedItemsImports = 4
		PointCloudBasePresentation\PointCloudBasePresentation.vcxitems*{25a09332-c7fd-440c-8497-70e2b4a3f5d6}*SharedItemsImports = 4
		CubicCrossLinkedOctree\CubicCrossLinkedOctree.vcxitems*{3f00340c-1920-48dc-89d7-6a2d96d0c2df}*SharedItemsImports = 9
		PlyFile\PlyFile.vcxitems*{90508b54-ff16-45bd-bc6f-bff0cfd7203c}*SharedItemsImports = 9
		PointCloudBasePresentation\PointCloudBasePresentation.vcxitems*{add42b0f-0b43-4f01-829b-ca0ca95246fb}*SharedItemsImports = 9
	EndGlobalSection
	GlobalSection(SolutionConfigurationPlatforms) = preSolution
		Debug|x64 = Debug|x64
		Debug|x86 = Debug|x86
		Release|x64 = Release|x64
		Release|x86 = Release|x86
	EndGlobalSection
	GlobalSection(ProjectConfigurationPlatforms) = postSolution
		{25A09332-C7FD-440C-8497-70E2B4A3F5D6}.Debug|x64.ActiveCfg = Debug|x64
		{25A09332-C7FD-440C-8497-70E2B4A3F5D6}.Debug|x64.Build.0 = Debug|x64
		{25A09332-C7FD-440C-8497-70E2B4A3F5D6}.Debug|x86.ActiveCfg = Debug|Win32
		{25A09332-C7FD-440C-8497-70E2B4A3F5D6}.Debug|x86.Build.0 = Debug|Win32
		{25A09332-C7FD-440C-8497-70E2B4A3F5D6}.Release|x64.ActiveCfg = Release|x64
		{25A09332-C7FD-440C-8497-70E2B4A3F5D6}.Release|x64.Build.0 = Release|x64
		{25A09332-C7FD-440C-8497-70E2B4A3F5D6}.Release|x86.ActiveCfg = Release|Win32
		{25A09332-C7FD-440C-8497-70E2B4A3F5D6}.Release|x86.Build.0 = Release|Win32
	EndGlobalSection
	GlobalSection(SolutionProperties) = preSolution
		HideSolutionNode = FALSE
	EndGlobalSection
	GlobalSection(ExtensibilityGlobals) = postSolution
		SolutionGuid = {D7FCEF4B-9577-424E-9CC9-F61740F10D0C}
	EndGlobalSection
EndGlobal
